// !$*UTF8*$!
{
	archiveVersion = 1;
	classes = {
	};
	objectVersion = 51;
	objects = {

/* Begin PBXBuildFile section */
		37446A1E24942AC500B3A4D3 /* ViewCodable.swift in Sources */ = {isa = PBXBuildFile; fileRef = 37446A1D24942AC500B3A4D3 /* ViewCodable.swift */; };
		37446A2024942C4200B3A4D3 /* MoviewCell.swift in Sources */ = {isa = PBXBuildFile; fileRef = 37446A1F24942C4200B3A4D3 /* MoviewCell.swift */; };
		37446A24249431FC00B3A4D3 /* MoviewCellTests.swift in Sources */ = {isa = PBXBuildFile; fileRef = 37446A23249431FC00B3A4D3 /* MoviewCellTests.swift */; };
		37446A262494387500B3A4D3 /* MovieHeadlineView.swift in Sources */ = {isa = PBXBuildFile; fileRef = 37446A252494387500B3A4D3 /* MovieHeadlineView.swift */; };
		37446A2B2495377C00B3A4D3 /* Assets.xcassets in Resources */ = {isa = PBXBuildFile; fileRef = 37446A2A2495377C00B3A4D3 /* Assets.xcassets */; };
		37446A2E2495648700B3A4D3 /* R.generated.swift in Sources */ = {isa = PBXBuildFile; fileRef = 37446A2D2495648700B3A4D3 /* R.generated.swift */; };
		37446A332495685800B3A4D3 /* Assets.xcassets in Resources */ = {isa = PBXBuildFile; fileRef = 374B0A5124940EA900E67672 /* Assets.xcassets */; };
		37446A342495777B00B3A4D3 /* Assets.xcassets in Resources */ = {isa = PBXBuildFile; fileRef = 374B0A5124940EA900E67672 /* Assets.xcassets */; };
		37446A382495782400B3A4D3 /* R.generated.swift in Sources */ = {isa = PBXBuildFile; fileRef = 37446A372495782400B3A4D3 /* R.generated.swift */; };
		37446A432495814C00B3A4D3 /* SF-Pro-Rounded-Regular.otf in Resources */ = {isa = PBXBuildFile; fileRef = 37446A3A2495814B00B3A4D3 /* SF-Pro-Rounded-Regular.otf */; };
		37446A442495814C00B3A4D3 /* SF-Pro-Rounded-Bold.otf in Resources */ = {isa = PBXBuildFile; fileRef = 37446A3B2495814B00B3A4D3 /* SF-Pro-Rounded-Bold.otf */; };
		37446A452495814C00B3A4D3 /* SF-Pro-Rounded-Black.otf in Resources */ = {isa = PBXBuildFile; fileRef = 37446A3C2495814B00B3A4D3 /* SF-Pro-Rounded-Black.otf */; };
		37446A462495814C00B3A4D3 /* SF-Pro-Rounded-Medium.otf in Resources */ = {isa = PBXBuildFile; fileRef = 37446A3D2495814B00B3A4D3 /* SF-Pro-Rounded-Medium.otf */; };
		37446A472495814C00B3A4D3 /* SF-Pro-Rounded-Ultralight.otf in Resources */ = {isa = PBXBuildFile; fileRef = 37446A3E2495814C00B3A4D3 /* SF-Pro-Rounded-Ultralight.otf */; };
		37446A482495814C00B3A4D3 /* SF-Pro-Rounded-Semibold.otf in Resources */ = {isa = PBXBuildFile; fileRef = 37446A3F2495814C00B3A4D3 /* SF-Pro-Rounded-Semibold.otf */; };
		37446A492495814C00B3A4D3 /* SF-Pro-Rounded-Light.otf in Resources */ = {isa = PBXBuildFile; fileRef = 37446A402495814C00B3A4D3 /* SF-Pro-Rounded-Light.otf */; };
		37446A4A2495814C00B3A4D3 /* SF-Pro-Rounded-Thin.otf in Resources */ = {isa = PBXBuildFile; fileRef = 37446A412495814C00B3A4D3 /* SF-Pro-Rounded-Thin.otf */; };
		37446A4B2495814C00B3A4D3 /* SF-Pro-Rounded-Heavy.otf in Resources */ = {isa = PBXBuildFile; fileRef = 37446A422495814C00B3A4D3 /* SF-Pro-Rounded-Heavy.otf */; };
		37446A4E249595D700B3A4D3 /* Assets.xcassets in Resources */ = {isa = PBXBuildFile; fileRef = 37446A2A2495377C00B3A4D3 /* Assets.xcassets */; };
		37446A512495D86300B3A4D3 /* Constraints.swift in Sources */ = {isa = PBXBuildFile; fileRef = 37446A502495D86300B3A4D3 /* Constraints.swift */; };
		37446A532495DFAD00B3A4D3 /* Identifiers.swift in Sources */ = {isa = PBXBuildFile; fileRef = 37446A522495DFAD00B3A4D3 /* Identifiers.swift */; };
		37446A562495E16300B3A4D3 /* Movie.swift in Sources */ = {isa = PBXBuildFile; fileRef = 37446A552495E16300B3A4D3 /* Movie.swift */; };
		37446A5C249680C800B3A4D3 /* MovieAPI.swift in Sources */ = {isa = PBXBuildFile; fileRef = 37446A5B249680C800B3A4D3 /* MovieAPI.swift */; };
		37446A5E2496817900B3A4D3 /* HTTPMethod.swift in Sources */ = {isa = PBXBuildFile; fileRef = 37446A5D2496817900B3A4D3 /* HTTPMethod.swift */; };
		37446A60249682E000B3A4D3 /* Route.swift in Sources */ = {isa = PBXBuildFile; fileRef = 37446A5F249682E000B3A4D3 /* Route.swift */; };
		37446A62249687B700B3A4D3 /* NetworkdManager.swift in Sources */ = {isa = PBXBuildFile; fileRef = 37446A61249687B700B3A4D3 /* NetworkdManager.swift */; };
		374B0A4924940EA800E67672 /* AppDelegate.swift in Sources */ = {isa = PBXBuildFile; fileRef = 374B0A4824940EA800E67672 /* AppDelegate.swift */; };
		374B0A4B24940EA800E67672 /* SceneDelegate.swift in Sources */ = {isa = PBXBuildFile; fileRef = 374B0A4A24940EA800E67672 /* SceneDelegate.swift */; };
		374B0A4D24940EA800E67672 /* MovieListViewController.swift in Sources */ = {isa = PBXBuildFile; fileRef = 374B0A4C24940EA800E67672 /* MovieListViewController.swift */; };
		374B0A5524940EAA00E67672 /* LaunchScreen.storyboard in Resources */ = {isa = PBXBuildFile; fileRef = 374B0A5324940EAA00E67672 /* LaunchScreen.storyboard */; };
		37B836FA2496AAF200EC2299 /* ParameterEncoder.swift in Sources */ = {isa = PBXBuildFile; fileRef = 37B836F92496AAF200EC2299 /* ParameterEncoder.swift */; };
		37B836FC2496AEEE00EC2299 /* URLEncoder.swift in Sources */ = {isa = PBXBuildFile; fileRef = 37B836FB2496AEEE00EC2299 /* URLEncoder.swift */; };
		37B836FE2496AF5D00EC2299 /* BodyEncoder.swift in Sources */ = {isa = PBXBuildFile; fileRef = 37B836FD2496AF5D00EC2299 /* BodyEncoder.swift */; };
		5C7C05D8A482209B30B989A9 /* Pods_MoviesDatabase_MoviesDatabaseTests.framework in Frameworks */ = {isa = PBXBuildFile; fileRef = FC8724940B4F5B882C9B3DDB /* Pods_MoviesDatabase_MoviesDatabaseTests.framework */; };
		A1086A30EC51E1E22C4F6A4B /* Pods_MoviesDatabase.framework in Frameworks */ = {isa = PBXBuildFile; fileRef = A6949C064753DDC1BFA790D1 /* Pods_MoviesDatabase.framework */; };
/* End PBXBuildFile section */

/* Begin PBXContainerItemProxy section */
		374B0A5C24940EAA00E67672 /* PBXContainerItemProxy */ = {
			isa = PBXContainerItemProxy;
			containerPortal = 374B0A3D24940EA800E67672 /* Project object */;
			proxyType = 1;
			remoteGlobalIDString = 374B0A4424940EA800E67672;
			remoteInfo = MoviesDatabase;
		};
/* End PBXContainerItemProxy section */

/* Begin PBXFileReference section */
		333C925B606EAE34FB2EB0DC /* Pods-MoviesDatabase-MoviesDatabaseTests.release.xcconfig */ = {isa = PBXFileReference; includeInIndex = 1; lastKnownFileType = text.xcconfig; name = "Pods-MoviesDatabase-MoviesDatabaseTests.release.xcconfig"; path = "Target Support Files/Pods-MoviesDatabase-MoviesDatabaseTests/Pods-MoviesDatabase-MoviesDatabaseTests.release.xcconfig"; sourceTree = "<group>"; };
		37446A1D24942AC500B3A4D3 /* ViewCodable.swift */ = {isa = PBXFileReference; lastKnownFileType = sourcecode.swift; path = ViewCodable.swift; sourceTree = "<group>"; };
		37446A1F24942C4200B3A4D3 /* MoviewCell.swift */ = {isa = PBXFileReference; lastKnownFileType = sourcecode.swift; path = MoviewCell.swift; sourceTree = "<group>"; };
		37446A23249431FC00B3A4D3 /* MoviewCellTests.swift */ = {isa = PBXFileReference; lastKnownFileType = sourcecode.swift; path = MoviewCellTests.swift; sourceTree = "<group>"; };
		37446A252494387500B3A4D3 /* MovieHeadlineView.swift */ = {isa = PBXFileReference; lastKnownFileType = sourcecode.swift; path = MovieHeadlineView.swift; sourceTree = "<group>"; };
		37446A2A2495377C00B3A4D3 /* Assets.xcassets */ = {isa = PBXFileReference; lastKnownFileType = folder.assetcatalog; path = Assets.xcassets; sourceTree = "<group>"; };
		37446A2D2495648700B3A4D3 /* R.generated.swift */ = {isa = PBXFileReference; fileEncoding = 4; lastKnownFileType = sourcecode.swift; path = R.generated.swift; sourceTree = "<group>"; };
		37446A372495782400B3A4D3 /* R.generated.swift */ = {isa = PBXFileReference; fileEncoding = 4; lastKnownFileType = sourcecode.swift; path = R.generated.swift; sourceTree = "<group>"; };
		37446A3A2495814B00B3A4D3 /* SF-Pro-Rounded-Regular.otf */ = {isa = PBXFileReference; lastKnownFileType = file; path = "SF-Pro-Rounded-Regular.otf"; sourceTree = "<group>"; };
		37446A3B2495814B00B3A4D3 /* SF-Pro-Rounded-Bold.otf */ = {isa = PBXFileReference; lastKnownFileType = file; path = "SF-Pro-Rounded-Bold.otf"; sourceTree = "<group>"; };
		37446A3C2495814B00B3A4D3 /* SF-Pro-Rounded-Black.otf */ = {isa = PBXFileReference; lastKnownFileType = file; path = "SF-Pro-Rounded-Black.otf"; sourceTree = "<group>"; };
		37446A3D2495814B00B3A4D3 /* SF-Pro-Rounded-Medium.otf */ = {isa = PBXFileReference; lastKnownFileType = file; path = "SF-Pro-Rounded-Medium.otf"; sourceTree = "<group>"; };
		37446A3E2495814C00B3A4D3 /* SF-Pro-Rounded-Ultralight.otf */ = {isa = PBXFileReference; lastKnownFileType = file; path = "SF-Pro-Rounded-Ultralight.otf"; sourceTree = "<group>"; };
		37446A3F2495814C00B3A4D3 /* SF-Pro-Rounded-Semibold.otf */ = {isa = PBXFileReference; lastKnownFileType = file; path = "SF-Pro-Rounded-Semibold.otf"; sourceTree = "<group>"; };
		37446A402495814C00B3A4D3 /* SF-Pro-Rounded-Light.otf */ = {isa = PBXFileReference; lastKnownFileType = file; path = "SF-Pro-Rounded-Light.otf"; sourceTree = "<group>"; };
		37446A412495814C00B3A4D3 /* SF-Pro-Rounded-Thin.otf */ = {isa = PBXFileReference; lastKnownFileType = file; path = "SF-Pro-Rounded-Thin.otf"; sourceTree = "<group>"; };
		37446A422495814C00B3A4D3 /* SF-Pro-Rounded-Heavy.otf */ = {isa = PBXFileReference; lastKnownFileType = file; path = "SF-Pro-Rounded-Heavy.otf"; sourceTree = "<group>"; };
		37446A502495D86300B3A4D3 /* Constraints.swift */ = {isa = PBXFileReference; lastKnownFileType = sourcecode.swift; path = Constraints.swift; sourceTree = "<group>"; };
		37446A522495DFAD00B3A4D3 /* Identifiers.swift */ = {isa = PBXFileReference; lastKnownFileType = sourcecode.swift; path = Identifiers.swift; sourceTree = "<group>"; };
		37446A552495E16300B3A4D3 /* Movie.swift */ = {isa = PBXFileReference; lastKnownFileType = sourcecode.swift; path = Movie.swift; sourceTree = "<group>"; };
		37446A5B249680C800B3A4D3 /* MovieAPI.swift */ = {isa = PBXFileReference; lastKnownFileType = sourcecode.swift; path = MovieAPI.swift; sourceTree = "<group>"; };
		37446A5D2496817900B3A4D3 /* HTTPMethod.swift */ = {isa = PBXFileReference; lastKnownFileType = sourcecode.swift; path = HTTPMethod.swift; sourceTree = "<group>"; };
		37446A5F249682E000B3A4D3 /* Route.swift */ = {isa = PBXFileReference; lastKnownFileType = sourcecode.swift; path = Route.swift; sourceTree = "<group>"; };
		37446A61249687B700B3A4D3 /* NetworkdManager.swift */ = {isa = PBXFileReference; lastKnownFileType = sourcecode.swift; path = NetworkdManager.swift; sourceTree = "<group>"; };
		374B0A4524940EA800E67672 /* MoviesDatabase.app */ = {isa = PBXFileReference; explicitFileType = wrapper.application; includeInIndex = 0; path = MoviesDatabase.app; sourceTree = BUILT_PRODUCTS_DIR; };
		374B0A4824940EA800E67672 /* AppDelegate.swift */ = {isa = PBXFileReference; lastKnownFileType = sourcecode.swift; path = AppDelegate.swift; sourceTree = "<group>"; };
		374B0A4A24940EA800E67672 /* SceneDelegate.swift */ = {isa = PBXFileReference; lastKnownFileType = sourcecode.swift; path = SceneDelegate.swift; sourceTree = "<group>"; };
		374B0A4C24940EA800E67672 /* MovieListViewController.swift */ = {isa = PBXFileReference; lastKnownFileType = sourcecode.swift; path = MovieListViewController.swift; sourceTree = "<group>"; };
		374B0A5124940EA900E67672 /* Assets.xcassets */ = {isa = PBXFileReference; lastKnownFileType = folder.assetcatalog; path = Assets.xcassets; sourceTree = "<group>"; };
		374B0A5424940EAA00E67672 /* Base */ = {isa = PBXFileReference; lastKnownFileType = file.storyboard; name = Base; path = Base.lproj/LaunchScreen.storyboard; sourceTree = "<group>"; };
		374B0A5624940EAA00E67672 /* Info.plist */ = {isa = PBXFileReference; lastKnownFileType = text.plist.xml; path = Info.plist; sourceTree = "<group>"; };
		374B0A5B24940EAA00E67672 /* MoviesDatabaseTests.xctest */ = {isa = PBXFileReference; explicitFileType = wrapper.cfbundle; includeInIndex = 0; path = MoviesDatabaseTests.xctest; sourceTree = BUILT_PRODUCTS_DIR; };
		374B0A6124940EAA00E67672 /* Info.plist */ = {isa = PBXFileReference; lastKnownFileType = text.plist.xml; path = Info.plist; sourceTree = "<group>"; };
		37B836F92496AAF200EC2299 /* ParameterEncoder.swift */ = {isa = PBXFileReference; lastKnownFileType = sourcecode.swift; path = ParameterEncoder.swift; sourceTree = "<group>"; };
		37B836FB2496AEEE00EC2299 /* URLEncoder.swift */ = {isa = PBXFileReference; lastKnownFileType = sourcecode.swift; path = URLEncoder.swift; sourceTree = "<group>"; };
		37B836FD2496AF5D00EC2299 /* BodyEncoder.swift */ = {isa = PBXFileReference; lastKnownFileType = sourcecode.swift; path = BodyEncoder.swift; sourceTree = "<group>"; };
		5B9EEAE77A3EF9AB7162914B /* Pods-MoviesDatabaseTests.release.xcconfig */ = {isa = PBXFileReference; includeInIndex = 1; lastKnownFileType = text.xcconfig; name = "Pods-MoviesDatabaseTests.release.xcconfig"; path = "Target Support Files/Pods-MoviesDatabaseTests/Pods-MoviesDatabaseTests.release.xcconfig"; sourceTree = "<group>"; };
		616AED48721A47FBDE291C7F /* Pods-MoviesDatabase.release.xcconfig */ = {isa = PBXFileReference; includeInIndex = 1; lastKnownFileType = text.xcconfig; name = "Pods-MoviesDatabase.release.xcconfig"; path = "Target Support Files/Pods-MoviesDatabase/Pods-MoviesDatabase.release.xcconfig"; sourceTree = "<group>"; };
		7D2D84524B04A4CEB08EFB35 /* Pods-MoviesDatabaseTests.debug.xcconfig */ = {isa = PBXFileReference; includeInIndex = 1; lastKnownFileType = text.xcconfig; name = "Pods-MoviesDatabaseTests.debug.xcconfig"; path = "Target Support Files/Pods-MoviesDatabaseTests/Pods-MoviesDatabaseTests.debug.xcconfig"; sourceTree = "<group>"; };
		A6949C064753DDC1BFA790D1 /* Pods_MoviesDatabase.framework */ = {isa = PBXFileReference; explicitFileType = wrapper.framework; includeInIndex = 0; path = Pods_MoviesDatabase.framework; sourceTree = BUILT_PRODUCTS_DIR; };
		AFE9FDB6C8BFB005375F8672 /* Pods-MoviesDatabase.debug.xcconfig */ = {isa = PBXFileReference; includeInIndex = 1; lastKnownFileType = text.xcconfig; name = "Pods-MoviesDatabase.debug.xcconfig"; path = "Target Support Files/Pods-MoviesDatabase/Pods-MoviesDatabase.debug.xcconfig"; sourceTree = "<group>"; };
		DC9152BC4A9BC7062CA86AC2 /* Pods-MoviesDatabase-MoviesDatabaseTests.debug.xcconfig */ = {isa = PBXFileReference; includeInIndex = 1; lastKnownFileType = text.xcconfig; name = "Pods-MoviesDatabase-MoviesDatabaseTests.debug.xcconfig"; path = "Target Support Files/Pods-MoviesDatabase-MoviesDatabaseTests/Pods-MoviesDatabase-MoviesDatabaseTests.debug.xcconfig"; sourceTree = "<group>"; };
		FC8724940B4F5B882C9B3DDB /* Pods_MoviesDatabase_MoviesDatabaseTests.framework */ = {isa = PBXFileReference; explicitFileType = wrapper.framework; includeInIndex = 0; path = Pods_MoviesDatabase_MoviesDatabaseTests.framework; sourceTree = BUILT_PRODUCTS_DIR; };
/* End PBXFileReference section */

/* Begin PBXFrameworksBuildPhase section */
		374B0A4224940EA800E67672 /* Frameworks */ = {
			isa = PBXFrameworksBuildPhase;
			buildActionMask = 2147483647;
			files = (
				A1086A30EC51E1E22C4F6A4B /* Pods_MoviesDatabase.framework in Frameworks */,
			);
			runOnlyForDeploymentPostprocessing = 0;
		};
		374B0A5824940EAA00E67672 /* Frameworks */ = {
			isa = PBXFrameworksBuildPhase;
			buildActionMask = 2147483647;
			files = (
				5C7C05D8A482209B30B989A9 /* Pods_MoviesDatabase_MoviesDatabaseTests.framework in Frameworks */,
			);
			runOnlyForDeploymentPostprocessing = 0;
		};
/* End PBXFrameworksBuildPhase section */

/* Begin PBXGroup section */
		37446A12249424EE00B3A4D3 /* Application */ = {
			isa = PBXGroup;
			children = (
				374B0A4824940EA800E67672 /* AppDelegate.swift */,
				374B0A4A24940EA800E67672 /* SceneDelegate.swift */,
				374B0A5624940EAA00E67672 /* Info.plist */,
				37446A2D2495648700B3A4D3 /* R.generated.swift */,
			);
			path = Application;
			sourceTree = "<group>";
		};
		37446A152494289900B3A4D3 /* Resources */ = {
			isa = PBXGroup;
			children = (
				37446A392495812500B3A4D3 /* Fonts */,
				374B0A5124940EA900E67672 /* Assets.xcassets */,
				374B0A5324940EAA00E67672 /* LaunchScreen.storyboard */,
			);
			path = Resources;
			sourceTree = "<group>";
		};
		37446A16249428B100B3A4D3 /* Flows */ = {
			isa = PBXGroup;
			children = (
				37446A17249428C200B3A4D3 /* List */,
			);
			path = Flows;
			sourceTree = "<group>";
		};
		37446A17249428C200B3A4D3 /* List */ = {
			isa = PBXGroup;
			children = (
				37446A1A2494295000B3A4D3 /* ViewModels */,
				37446A192494293D00B3A4D3 /* ViewControllers */,
				37446A182494291F00B3A4D3 /* Views */,
			);
			path = List;
			sourceTree = "<group>";
		};
		37446A182494291F00B3A4D3 /* Views */ = {
			isa = PBXGroup;
			children = (
				37446A1F24942C4200B3A4D3 /* MoviewCell.swift */,
				37446A252494387500B3A4D3 /* MovieHeadlineView.swift */,
			);
			path = Views;
			sourceTree = "<group>";
		};
		37446A192494293D00B3A4D3 /* ViewControllers */ = {
			isa = PBXGroup;
			children = (
				374B0A4C24940EA800E67672 /* MovieListViewController.swift */,
			);
			path = ViewControllers;
			sourceTree = "<group>";
		};
		37446A1A2494295000B3A4D3 /* ViewModels */ = {
			isa = PBXGroup;
			children = (
			);
			path = ViewModels;
			sourceTree = "<group>";
		};
		37446A1B2494298600B3A4D3 /* Utils */ = {
			isa = PBXGroup;
			children = (
				37446A4F2495D84100B3A4D3 /* Constants */,
				37446A1C24942AB800B3A4D3 /* Protocols */,
			);
			path = Utils;
			sourceTree = "<group>";
		};
		37446A1C24942AB800B3A4D3 /* Protocols */ = {
			isa = PBXGroup;
			children = (
				37446A1D24942AC500B3A4D3 /* ViewCodable.swift */,
			);
			path = Protocols;
			sourceTree = "<group>";
		};
		37446A36249577C600B3A4D3 /* Resources */ = {
			isa = PBXGroup;
			children = (
				37446A372495782400B3A4D3 /* R.generated.swift */,
				37446A2A2495377C00B3A4D3 /* Assets.xcassets */,
			);
			path = Resources;
			sourceTree = "<group>";
		};
		37446A392495812500B3A4D3 /* Fonts */ = {
			isa = PBXGroup;
			children = (
				37446A3C2495814B00B3A4D3 /* SF-Pro-Rounded-Black.otf */,
				37446A3B2495814B00B3A4D3 /* SF-Pro-Rounded-Bold.otf */,
				37446A422495814C00B3A4D3 /* SF-Pro-Rounded-Heavy.otf */,
				37446A402495814C00B3A4D3 /* SF-Pro-Rounded-Light.otf */,
				37446A3D2495814B00B3A4D3 /* SF-Pro-Rounded-Medium.otf */,
				37446A3A2495814B00B3A4D3 /* SF-Pro-Rounded-Regular.otf */,
				37446A3F2495814C00B3A4D3 /* SF-Pro-Rounded-Semibold.otf */,
				37446A412495814C00B3A4D3 /* SF-Pro-Rounded-Thin.otf */,
				37446A3E2495814C00B3A4D3 /* SF-Pro-Rounded-Ultralight.otf */,
			);
			path = Fonts;
			sourceTree = "<group>";
		};
		37446A4F2495D84100B3A4D3 /* Constants */ = {
			isa = PBXGroup;
			children = (
				37446A502495D86300B3A4D3 /* Constraints.swift */,
				37446A522495DFAD00B3A4D3 /* Identifiers.swift */,
			);
			path = Constants;
			sourceTree = "<group>";
		};
		37446A542495E14200B3A4D3 /* Models */ = {
			isa = PBXGroup;
			children = (
				37446A552495E16300B3A4D3 /* Movie.swift */,
			);
			path = Models;
			sourceTree = "<group>";
		};
		37446A572495E2B900B3A4D3 /* Network */ = {
			isa = PBXGroup;
			children = (
				37B836F82496AAE600EC2299 /* Encoding */,
				37446A5A249680B600B3A4D3 /* Core */,
				37446A592496809500B3A4D3 /* Routes */,
				37446A582496808F00B3A4D3 /* Services */,
			);
			path = Network;
			sourceTree = "<group>";
		};
		37446A582496808F00B3A4D3 /* Services */ = {
			isa = PBXGroup;
			children = (
			);
			path = Services;
			sourceTree = "<group>";
		};
		37446A592496809500B3A4D3 /* Routes */ = {
			isa = PBXGroup;
			children = (
				37446A5B249680C800B3A4D3 /* MovieAPI.swift */,
			);
			path = Routes;
			sourceTree = "<group>";
		};
		37446A5A249680B600B3A4D3 /* Core */ = {
			isa = PBXGroup;
			children = (
				37446A5D2496817900B3A4D3 /* HTTPMethod.swift */,
				37446A5F249682E000B3A4D3 /* Route.swift */,
				37446A61249687B700B3A4D3 /* NetworkdManager.swift */,
			);
			path = Core;
			sourceTree = "<group>";
		};
		374B0A3C24940EA800E67672 = {
			isa = PBXGroup;
			children = (
				374B0A4724940EA800E67672 /* MoviesDatabase */,
				374B0A5E24940EAA00E67672 /* MoviesDatabaseTests */,
				374B0A4624940EA800E67672 /* Products */,
				B8A5F9292DF4804719696ADE /* Pods */,
				D7FBAA3DD9CC9CE99813ED13 /* Frameworks */,
			);
			sourceTree = "<group>";
		};
		374B0A4624940EA800E67672 /* Products */ = {
			isa = PBXGroup;
			children = (
				374B0A4524940EA800E67672 /* MoviesDatabase.app */,
				374B0A5B24940EAA00E67672 /* MoviesDatabaseTests.xctest */,
			);
			name = Products;
			sourceTree = "<group>";
		};
		374B0A4724940EA800E67672 /* MoviesDatabase */ = {
			isa = PBXGroup;
			children = (
				37446A12249424EE00B3A4D3 /* Application */,
				37446A152494289900B3A4D3 /* Resources */,
				37446A16249428B100B3A4D3 /* Flows */,
				37446A1B2494298600B3A4D3 /* Utils */,
				37446A542495E14200B3A4D3 /* Models */,
				37446A572495E2B900B3A4D3 /* Network */,
			);
			path = MoviesDatabase;
			sourceTree = "<group>";
		};
		374B0A5E24940EAA00E67672 /* MoviesDatabaseTests */ = {
			isa = PBXGroup;
			children = (
				37446A36249577C600B3A4D3 /* Resources */,
				374B0A6124940EAA00E67672 /* Info.plist */,
				37446A23249431FC00B3A4D3 /* MoviewCellTests.swift */,
			);
			path = MoviesDatabaseTests;
			sourceTree = "<group>";
		};
		37B836F82496AAE600EC2299 /* Encoding */ = {
			isa = PBXGroup;
			children = (
				37B836F92496AAF200EC2299 /* ParameterEncoder.swift */,
				37B836FB2496AEEE00EC2299 /* URLEncoder.swift */,
				37B836FD2496AF5D00EC2299 /* BodyEncoder.swift */,
			);
			path = Encoding;
			sourceTree = "<group>";
		};
		B8A5F9292DF4804719696ADE /* Pods */ = {
			isa = PBXGroup;
			children = (
				AFE9FDB6C8BFB005375F8672 /* Pods-MoviesDatabase.debug.xcconfig */,
				616AED48721A47FBDE291C7F /* Pods-MoviesDatabase.release.xcconfig */,
				7D2D84524B04A4CEB08EFB35 /* Pods-MoviesDatabaseTests.debug.xcconfig */,
				5B9EEAE77A3EF9AB7162914B /* Pods-MoviesDatabaseTests.release.xcconfig */,
				DC9152BC4A9BC7062CA86AC2 /* Pods-MoviesDatabase-MoviesDatabaseTests.debug.xcconfig */,
				333C925B606EAE34FB2EB0DC /* Pods-MoviesDatabase-MoviesDatabaseTests.release.xcconfig */,
			);
			path = Pods;
			sourceTree = "<group>";
		};
		D7FBAA3DD9CC9CE99813ED13 /* Frameworks */ = {
			isa = PBXGroup;
			children = (
				A6949C064753DDC1BFA790D1 /* Pods_MoviesDatabase.framework */,
				FC8724940B4F5B882C9B3DDB /* Pods_MoviesDatabase_MoviesDatabaseTests.framework */,
			);
			name = Frameworks;
			sourceTree = "<group>";
		};
/* End PBXGroup section */

/* Begin PBXNativeTarget section */
		374B0A4424940EA800E67672 /* MoviesDatabase */ = {
			isa = PBXNativeTarget;
			buildConfigurationList = 374B0A6424940EAA00E67672 /* Build configuration list for PBXNativeTarget "MoviesDatabase" */;
			buildPhases = (
				92301BD502AF3F23052CEB95 /* [CP] Check Pods Manifest.lock */,
				37446A27249534AC00B3A4D3 /* RSwift */,
				374B0A4124940EA800E67672 /* Sources */,
				374B0A4224940EA800E67672 /* Frameworks */,
				374B0A4324940EA800E67672 /* Resources */,
				842C45E58627FBD322B1E20E /* [CP] Embed Pods Frameworks */,
				37446A1124941F1100B3A4D3 /* SwiftLint */,
			);
			buildRules = (
			);
			dependencies = (
			);
			name = MoviesDatabase;
			productName = MoviesDatabase;
			productReference = 374B0A4524940EA800E67672 /* MoviesDatabase.app */;
			productType = "com.apple.product-type.application";
		};
		374B0A5A24940EAA00E67672 /* MoviesDatabaseTests */ = {
			isa = PBXNativeTarget;
			buildConfigurationList = 374B0A6724940EAA00E67672 /* Build configuration list for PBXNativeTarget "MoviesDatabaseTests" */;
			buildPhases = (
				6667EFEE2D1D54BDA6C8F203 /* [CP] Check Pods Manifest.lock */,
				37446A352495778600B3A4D3 /* R.Swift */,
				374B0A5724940EAA00E67672 /* Sources */,
				374B0A5824940EAA00E67672 /* Frameworks */,
				374B0A5924940EAA00E67672 /* Resources */,
				46F459455286C9882A5059DD /* [CP] Embed Pods Frameworks */,
			);
			buildRules = (
			);
			dependencies = (
				374B0A5D24940EAA00E67672 /* PBXTargetDependency */,
			);
			name = MoviesDatabaseTests;
			productName = MoviesDatabaseTests;
			productReference = 374B0A5B24940EAA00E67672 /* MoviesDatabaseTests.xctest */;
			productType = "com.apple.product-type.bundle.unit-test";
		};
/* End PBXNativeTarget section */

/* Begin PBXProject section */
		374B0A3D24940EA800E67672 /* Project object */ = {
			isa = PBXProject;
			attributes = {
				LastSwiftUpdateCheck = 1130;
				LastUpgradeCheck = 1130;
				ORGANIZATIONNAME = domene;
				TargetAttributes = {
					374B0A4424940EA800E67672 = {
						CreatedOnToolsVersion = 11.3;
					};
					374B0A5A24940EAA00E67672 = {
						CreatedOnToolsVersion = 11.3;
						LastSwiftMigration = 1130;
						TestTargetID = 374B0A4424940EA800E67672;
					};
				};
			};
			buildConfigurationList = 374B0A4024940EA800E67672 /* Build configuration list for PBXProject "MoviesDatabase" */;
			compatibilityVersion = "Xcode 9.3";
			developmentRegion = en;
			hasScannedForEncodings = 0;
			knownRegions = (
				en,
				Base,
			);
			mainGroup = 374B0A3C24940EA800E67672;
			productRefGroup = 374B0A4624940EA800E67672 /* Products */;
			projectDirPath = "";
			projectRoot = "";
			targets = (
				374B0A4424940EA800E67672 /* MoviesDatabase */,
				374B0A5A24940EAA00E67672 /* MoviesDatabaseTests */,
			);
		};
/* End PBXProject section */

/* Begin PBXResourcesBuildPhase section */
		374B0A4324940EA800E67672 /* Resources */ = {
			isa = PBXResourcesBuildPhase;
			buildActionMask = 2147483647;
			files = (
				37446A332495685800B3A4D3 /* Assets.xcassets in Resources */,
				37446A492495814C00B3A4D3 /* SF-Pro-Rounded-Light.otf in Resources */,
				37446A442495814C00B3A4D3 /* SF-Pro-Rounded-Bold.otf in Resources */,
				37446A4A2495814C00B3A4D3 /* SF-Pro-Rounded-Thin.otf in Resources */,
				37446A452495814C00B3A4D3 /* SF-Pro-Rounded-Black.otf in Resources */,
				37446A482495814C00B3A4D3 /* SF-Pro-Rounded-Semibold.otf in Resources */,
				37446A462495814C00B3A4D3 /* SF-Pro-Rounded-Medium.otf in Resources */,
				374B0A5524940EAA00E67672 /* LaunchScreen.storyboard in Resources */,
				37446A472495814C00B3A4D3 /* SF-Pro-Rounded-Ultralight.otf in Resources */,
				37446A4B2495814C00B3A4D3 /* SF-Pro-Rounded-Heavy.otf in Resources */,
				37446A4E249595D700B3A4D3 /* Assets.xcassets in Resources */,
				37446A432495814C00B3A4D3 /* SF-Pro-Rounded-Regular.otf in Resources */,
			);
			runOnlyForDeploymentPostprocessing = 0;
		};
		374B0A5924940EAA00E67672 /* Resources */ = {
			isa = PBXResourcesBuildPhase;
			buildActionMask = 2147483647;
			files = (
				37446A342495777B00B3A4D3 /* Assets.xcassets in Resources */,
				37446A2B2495377C00B3A4D3 /* Assets.xcassets in Resources */,
			);
			runOnlyForDeploymentPostprocessing = 0;
		};
/* End PBXResourcesBuildPhase section */

/* Begin PBXShellScriptBuildPhase section */
		37446A1124941F1100B3A4D3 /* SwiftLint */ = {
			isa = PBXShellScriptBuildPhase;
			buildActionMask = 2147483647;
			files = (
			);
			inputFileListPaths = (
			);
			inputPaths = (
			);
			name = SwiftLint;
			outputFileListPaths = (
			);
			outputPaths = (
			);
			runOnlyForDeploymentPostprocessing = 0;
			shellPath = /bin/sh;
			shellScript = "\"${PODS_ROOT}/SwiftLint/swiftlint\"\n";
		};
		37446A27249534AC00B3A4D3 /* RSwift */ = {
			isa = PBXShellScriptBuildPhase;
			buildActionMask = 2147483647;
			files = (
			);
			inputFileListPaths = (
			);
			inputPaths = (
				"$TEMP_DIR/rswift-lastrun",
			);
			name = RSwift;
			outputFileListPaths = (
			);
			outputPaths = (
				$SRCROOT/MoviesDatabase/Application/R.generated.swift,
			);
			runOnlyForDeploymentPostprocessing = 0;
			shellPath = /bin/sh;
			shellScript = "\"$PODS_ROOT/R.swift/rswift\" generate \"$SRCROOT/MoviesDatabase/Application/R.generated.swift\"\n";
		};
		37446A352495778600B3A4D3 /* R.Swift */ = {
			isa = PBXShellScriptBuildPhase;
			buildActionMask = 2147483647;
			files = (
			);
			inputFileListPaths = (
			);
			inputPaths = (
				"$TEMP_DIR/rswift-lastrun",
			);
			name = R.Swift;
			outputFileListPaths = (
			);
			outputPaths = (
				$SRCROOT/MoviesDatabaseTests/Resources/R.generated.swift,
			);
			runOnlyForDeploymentPostprocessing = 0;
			shellPath = /bin/sh;
			shellScript = "\"$PODS_ROOT/R.swift/rswift\" generate \"$SRCROOT/MoviesDatabaseTests/Resources/R.generated.swift\"\n";
		};
		46F459455286C9882A5059DD /* [CP] Embed Pods Frameworks */ = {
			isa = PBXShellScriptBuildPhase;
			buildActionMask = 2147483647;
			files = (
			);
			inputFileListPaths = (
				"${PODS_ROOT}/Target Support Files/Pods-MoviesDatabase-MoviesDatabaseTests/Pods-MoviesDatabase-MoviesDatabaseTests-frameworks-${CONFIGURATION}-input-files.xcfilelist",
			);
			name = "[CP] Embed Pods Frameworks";
			outputFileListPaths = (
				"${PODS_ROOT}/Target Support Files/Pods-MoviesDatabase-MoviesDatabaseTests/Pods-MoviesDatabase-MoviesDatabaseTests-frameworks-${CONFIGURATION}-output-files.xcfilelist",
			);
			runOnlyForDeploymentPostprocessing = 0;
			shellPath = /bin/sh;
			shellScript = "\"${PODS_ROOT}/Target Support Files/Pods-MoviesDatabase-MoviesDatabaseTests/Pods-MoviesDatabase-MoviesDatabaseTests-frameworks.sh\"\n";
			showEnvVarsInLog = 0;
		};
		6667EFEE2D1D54BDA6C8F203 /* [CP] Check Pods Manifest.lock */ = {
			isa = PBXShellScriptBuildPhase;
			buildActionMask = 2147483647;
			files = (
			);
			inputFileListPaths = (
			);
			inputPaths = (
				"${PODS_PODFILE_DIR_PATH}/Podfile.lock",
				"${PODS_ROOT}/Manifest.lock",
			);
			name = "[CP] Check Pods Manifest.lock";
			outputFileListPaths = (
			);
			outputPaths = (
				"$(DERIVED_FILE_DIR)/Pods-MoviesDatabase-MoviesDatabaseTests-checkManifestLockResult.txt",
			);
			runOnlyForDeploymentPostprocessing = 0;
			shellPath = /bin/sh;
			shellScript = "diff \"${PODS_PODFILE_DIR_PATH}/Podfile.lock\" \"${PODS_ROOT}/Manifest.lock\" > /dev/null\nif [ $? != 0 ] ; then\n    # print error to STDERR\n    echo \"error: The sandbox is not in sync with the Podfile.lock. Run 'pod install' or update your CocoaPods installation.\" >&2\n    exit 1\nfi\n# This output is used by Xcode 'outputs' to avoid re-running this script phase.\necho \"SUCCESS\" > \"${SCRIPT_OUTPUT_FILE_0}\"\n";
			showEnvVarsInLog = 0;
		};
		842C45E58627FBD322B1E20E /* [CP] Embed Pods Frameworks */ = {
			isa = PBXShellScriptBuildPhase;
			buildActionMask = 2147483647;
			files = (
			);
			inputFileListPaths = (
				"${PODS_ROOT}/Target Support Files/Pods-MoviesDatabase/Pods-MoviesDatabase-frameworks-${CONFIGURATION}-input-files.xcfilelist",
			);
			name = "[CP] Embed Pods Frameworks";
			outputFileListPaths = (
				"${PODS_ROOT}/Target Support Files/Pods-MoviesDatabase/Pods-MoviesDatabase-frameworks-${CONFIGURATION}-output-files.xcfilelist",
			);
			runOnlyForDeploymentPostprocessing = 0;
			shellPath = /bin/sh;
			shellScript = "\"${PODS_ROOT}/Target Support Files/Pods-MoviesDatabase/Pods-MoviesDatabase-frameworks.sh\"\n";
			showEnvVarsInLog = 0;
		};
		92301BD502AF3F23052CEB95 /* [CP] Check Pods Manifest.lock */ = {
			isa = PBXShellScriptBuildPhase;
			buildActionMask = 2147483647;
			files = (
			);
			inputFileListPaths = (
			);
			inputPaths = (
				"${PODS_PODFILE_DIR_PATH}/Podfile.lock",
				"${PODS_ROOT}/Manifest.lock",
			);
			name = "[CP] Check Pods Manifest.lock";
			outputFileListPaths = (
			);
			outputPaths = (
				"$(DERIVED_FILE_DIR)/Pods-MoviesDatabase-checkManifestLockResult.txt",
			);
			runOnlyForDeploymentPostprocessing = 0;
			shellPath = /bin/sh;
			shellScript = "diff \"${PODS_PODFILE_DIR_PATH}/Podfile.lock\" \"${PODS_ROOT}/Manifest.lock\" > /dev/null\nif [ $? != 0 ] ; then\n    # print error to STDERR\n    echo \"error: The sandbox is not in sync with the Podfile.lock. Run 'pod install' or update your CocoaPods installation.\" >&2\n    exit 1\nfi\n# This output is used by Xcode 'outputs' to avoid re-running this script phase.\necho \"SUCCESS\" > \"${SCRIPT_OUTPUT_FILE_0}\"\n";
			showEnvVarsInLog = 0;
		};
/* End PBXShellScriptBuildPhase section */

/* Begin PBXSourcesBuildPhase section */
		374B0A4124940EA800E67672 /* Sources */ = {
			isa = PBXSourcesBuildPhase;
			buildActionMask = 2147483647;
			files = (
				374B0A4D24940EA800E67672 /* MovieListViewController.swift in Sources */,
				37446A2E2495648700B3A4D3 /* R.generated.swift in Sources */,
				37446A1E24942AC500B3A4D3 /* ViewCodable.swift in Sources */,
				374B0A4924940EA800E67672 /* AppDelegate.swift in Sources */,
				37446A60249682E000B3A4D3 /* Route.swift in Sources */,
				37446A5E2496817900B3A4D3 /* HTTPMethod.swift in Sources */,
				37446A5C249680C800B3A4D3 /* MovieAPI.swift in Sources */,
				37446A562495E16300B3A4D3 /* Movie.swift in Sources */,
				37B836FC2496AEEE00EC2299 /* URLEncoder.swift in Sources */,
				37446A532495DFAD00B3A4D3 /* Identifiers.swift in Sources */,
				37446A512495D86300B3A4D3 /* Constraints.swift in Sources */,
				37B836FE2496AF5D00EC2299 /* BodyEncoder.swift in Sources */,
				37446A2024942C4200B3A4D3 /* MoviewCell.swift in Sources */,
				37446A262494387500B3A4D3 /* MovieHeadlineView.swift in Sources */,
				37B836FA2496AAF200EC2299 /* ParameterEncoder.swift in Sources */,
				374B0A4B24940EA800E67672 /* SceneDelegate.swift in Sources */,
				37446A62249687B700B3A4D3 /* NetworkdManager.swift in Sources */,
			);
			runOnlyForDeploymentPostprocessing = 0;
		};
		374B0A5724940EAA00E67672 /* Sources */ = {
			isa = PBXSourcesBuildPhase;
			buildActionMask = 2147483647;
			files = (
				37446A24249431FC00B3A4D3 /* MoviewCellTests.swift in Sources */,
				37446A382495782400B3A4D3 /* R.generated.swift in Sources */,
			);
			runOnlyForDeploymentPostprocessing = 0;
		};
/* End PBXSourcesBuildPhase section */

/* Begin PBXTargetDependency section */
		374B0A5D24940EAA00E67672 /* PBXTargetDependency */ = {
			isa = PBXTargetDependency;
			target = 374B0A4424940EA800E67672 /* MoviesDatabase */;
			targetProxy = 374B0A5C24940EAA00E67672 /* PBXContainerItemProxy */;
		};
/* End PBXTargetDependency section */

/* Begin PBXVariantGroup section */
		374B0A5324940EAA00E67672 /* LaunchScreen.storyboard */ = {
			isa = PBXVariantGroup;
			children = (
				374B0A5424940EAA00E67672 /* Base */,
			);
			name = LaunchScreen.storyboard;
			sourceTree = "<group>";
		};
/* End PBXVariantGroup section */

/* Begin XCBuildConfiguration section */
		374B0A6224940EAA00E67672 /* Debug */ = {
			isa = XCBuildConfiguration;
			buildSettings = {
				ALWAYS_SEARCH_USER_PATHS = NO;
				CLANG_ANALYZER_NONNULL = YES;
				CLANG_ANALYZER_NUMBER_OBJECT_CONVERSION = YES_AGGRESSIVE;
				CLANG_CXX_LANGUAGE_STANDARD = "gnu++14";
				CLANG_CXX_LIBRARY = "libc++";
				CLANG_ENABLE_MODULES = YES;
				CLANG_ENABLE_OBJC_ARC = YES;
				CLANG_ENABLE_OBJC_WEAK = YES;
				CLANG_WARN_BLOCK_CAPTURE_AUTORELEASING = YES;
				CLANG_WARN_BOOL_CONVERSION = YES;
				CLANG_WARN_COMMA = YES;
				CLANG_WARN_CONSTANT_CONVERSION = YES;
				CLANG_WARN_DEPRECATED_OBJC_IMPLEMENTATIONS = YES;
				CLANG_WARN_DIRECT_OBJC_ISA_USAGE = YES_ERROR;
				CLANG_WARN_DOCUMENTATION_COMMENTS = YES;
				CLANG_WARN_EMPTY_BODY = YES;
				CLANG_WARN_ENUM_CONVERSION = YES;
				CLANG_WARN_INFINITE_RECURSION = YES;
				CLANG_WARN_INT_CONVERSION = YES;
				CLANG_WARN_NON_LITERAL_NULL_CONVERSION = YES;
				CLANG_WARN_OBJC_IMPLICIT_RETAIN_SELF = YES;
				CLANG_WARN_OBJC_LITERAL_CONVERSION = YES;
				CLANG_WARN_OBJC_ROOT_CLASS = YES_ERROR;
				CLANG_WARN_RANGE_LOOP_ANALYSIS = YES;
				CLANG_WARN_STRICT_PROTOTYPES = YES;
				CLANG_WARN_SUSPICIOUS_MOVE = YES;
				CLANG_WARN_UNGUARDED_AVAILABILITY = YES_AGGRESSIVE;
				CLANG_WARN_UNREACHABLE_CODE = YES;
				CLANG_WARN__DUPLICATE_METHOD_MATCH = YES;
				COPY_PHASE_STRIP = NO;
				DEBUG_INFORMATION_FORMAT = dwarf;
				ENABLE_STRICT_OBJC_MSGSEND = YES;
				ENABLE_TESTABILITY = YES;
				GCC_C_LANGUAGE_STANDARD = gnu11;
				GCC_DYNAMIC_NO_PIC = NO;
				GCC_NO_COMMON_BLOCKS = YES;
				GCC_OPTIMIZATION_LEVEL = 0;
				GCC_PREPROCESSOR_DEFINITIONS = (
					"DEBUG=1",
					"$(inherited)",
				);
				GCC_WARN_64_TO_32_BIT_CONVERSION = YES;
				GCC_WARN_ABOUT_RETURN_TYPE = YES_ERROR;
				GCC_WARN_UNDECLARED_SELECTOR = YES;
				GCC_WARN_UNINITIALIZED_AUTOS = YES_AGGRESSIVE;
				GCC_WARN_UNUSED_FUNCTION = YES;
				GCC_WARN_UNUSED_VARIABLE = YES;
				IPHONEOS_DEPLOYMENT_TARGET = 13.2;
				MTL_ENABLE_DEBUG_INFO = INCLUDE_SOURCE;
				MTL_FAST_MATH = YES;
				ONLY_ACTIVE_ARCH = YES;
				SDKROOT = iphoneos;
				SWIFT_ACTIVE_COMPILATION_CONDITIONS = DEBUG;
				SWIFT_OPTIMIZATION_LEVEL = "-Onone";
			};
			name = Debug;
		};
		374B0A6324940EAA00E67672 /* Release */ = {
			isa = XCBuildConfiguration;
			buildSettings = {
				ALWAYS_SEARCH_USER_PATHS = NO;
				CLANG_ANALYZER_NONNULL = YES;
				CLANG_ANALYZER_NUMBER_OBJECT_CONVERSION = YES_AGGRESSIVE;
				CLANG_CXX_LANGUAGE_STANDARD = "gnu++14";
				CLANG_CXX_LIBRARY = "libc++";
				CLANG_ENABLE_MODULES = YES;
				CLANG_ENABLE_OBJC_ARC = YES;
				CLANG_ENABLE_OBJC_WEAK = YES;
				CLANG_WARN_BLOCK_CAPTURE_AUTORELEASING = YES;
				CLANG_WARN_BOOL_CONVERSION = YES;
				CLANG_WARN_COMMA = YES;
				CLANG_WARN_CONSTANT_CONVERSION = YES;
				CLANG_WARN_DEPRECATED_OBJC_IMPLEMENTATIONS = YES;
				CLANG_WARN_DIRECT_OBJC_ISA_USAGE = YES_ERROR;
				CLANG_WARN_DOCUMENTATION_COMMENTS = YES;
				CLANG_WARN_EMPTY_BODY = YES;
				CLANG_WARN_ENUM_CONVERSION = YES;
				CLANG_WARN_INFINITE_RECURSION = YES;
				CLANG_WARN_INT_CONVERSION = YES;
				CLANG_WARN_NON_LITERAL_NULL_CONVERSION = YES;
				CLANG_WARN_OBJC_IMPLICIT_RETAIN_SELF = YES;
				CLANG_WARN_OBJC_LITERAL_CONVERSION = YES;
				CLANG_WARN_OBJC_ROOT_CLASS = YES_ERROR;
				CLANG_WARN_RANGE_LOOP_ANALYSIS = YES;
				CLANG_WARN_STRICT_PROTOTYPES = YES;
				CLANG_WARN_SUSPICIOUS_MOVE = YES;
				CLANG_WARN_UNGUARDED_AVAILABILITY = YES_AGGRESSIVE;
				CLANG_WARN_UNREACHABLE_CODE = YES;
				CLANG_WARN__DUPLICATE_METHOD_MATCH = YES;
				COPY_PHASE_STRIP = NO;
				DEBUG_INFORMATION_FORMAT = "dwarf-with-dsym";
				ENABLE_NS_ASSERTIONS = NO;
				ENABLE_STRICT_OBJC_MSGSEND = YES;
				GCC_C_LANGUAGE_STANDARD = gnu11;
				GCC_NO_COMMON_BLOCKS = YES;
				GCC_WARN_64_TO_32_BIT_CONVERSION = YES;
				GCC_WARN_ABOUT_RETURN_TYPE = YES_ERROR;
				GCC_WARN_UNDECLARED_SELECTOR = YES;
				GCC_WARN_UNINITIALIZED_AUTOS = YES_AGGRESSIVE;
				GCC_WARN_UNUSED_FUNCTION = YES;
				GCC_WARN_UNUSED_VARIABLE = YES;
				IPHONEOS_DEPLOYMENT_TARGET = 13.2;
				MTL_ENABLE_DEBUG_INFO = NO;
				MTL_FAST_MATH = YES;
				SDKROOT = iphoneos;
				SWIFT_COMPILATION_MODE = wholemodule;
				SWIFT_OPTIMIZATION_LEVEL = "-O";
				VALIDATE_PRODUCT = YES;
			};
			name = Release;
		};
		374B0A6524940EAA00E67672 /* Debug */ = {
			isa = XCBuildConfiguration;
			baseConfigurationReference = AFE9FDB6C8BFB005375F8672 /* Pods-MoviesDatabase.debug.xcconfig */;
			buildSettings = {
				ASSETCATALOG_COMPILER_APPICON_NAME = AppIcon;
				CODE_SIGN_STYLE = Automatic;
				DEVELOPMENT_TEAM = 8VWQC7JGT6;
				INFOPLIST_FILE = MoviesDatabase/Application/Info.plist;
				LD_RUNPATH_SEARCH_PATHS = (
					"$(inherited)",
					"@executable_path/Frameworks",
				);
				PRODUCT_BUNDLE_IDENTIFIER = com.domene.MoviesDatabase;
				PRODUCT_NAME = "$(TARGET_NAME)";
				SWIFT_VERSION = 5.0;
				TARGETED_DEVICE_FAMILY = "1,2";
			};
			name = Debug;
		};
		374B0A6624940EAA00E67672 /* Release */ = {
			isa = XCBuildConfiguration;
			baseConfigurationReference = 616AED48721A47FBDE291C7F /* Pods-MoviesDatabase.release.xcconfig */;
			buildSettings = {
				ASSETCATALOG_COMPILER_APPICON_NAME = AppIcon;
				CODE_SIGN_STYLE = Automatic;
				DEVELOPMENT_TEAM = 8VWQC7JGT6;
				INFOPLIST_FILE = MoviesDatabase/Application/Info.plist;
				LD_RUNPATH_SEARCH_PATHS = (
					"$(inherited)",
					"@executable_path/Frameworks",
				);
				PRODUCT_BUNDLE_IDENTIFIER = com.domene.MoviesDatabase;
				PRODUCT_NAME = "$(TARGET_NAME)";
				SWIFT_VERSION = 5.0;
				TARGETED_DEVICE_FAMILY = "1,2";
			};
			name = Release;
		};
		374B0A6824940EAA00E67672 /* Debug */ = {
			isa = XCBuildConfiguration;
			baseConfigurationReference = DC9152BC4A9BC7062CA86AC2 /* Pods-MoviesDatabase-MoviesDatabaseTests.debug.xcconfig */;
			buildSettings = {
				ALWAYS_EMBED_SWIFT_STANDARD_LIBRARIES = YES;
				BUNDLE_LOADER = "$(TEST_HOST)";
				CLANG_ENABLE_MODULES = YES;
				CODE_SIGN_STYLE = Automatic;
				DEVELOPMENT_TEAM = 8VWQC7JGT6;
				INFOPLIST_FILE = MoviesDatabaseTests/Info.plist;
				IPHONEOS_DEPLOYMENT_TARGET = 13.2;
				LD_RUNPATH_SEARCH_PATHS = (
					"$(inherited)",
					"@executable_path/Frameworks",
					"@loader_path/Frameworks",
				);
				PRODUCT_BUNDLE_IDENTIFIER = com.domene.MoviesDatabaseTests;
				PRODUCT_NAME = "$(TARGET_NAME)";
				SWIFT_OPTIMIZATION_LEVEL = "-Onone";
				SWIFT_VERSION = 5.0;
				TARGETED_DEVICE_FAMILY = "1,2";
				TEST_HOST = "$(BUILT_PRODUCTS_DIR)/MoviesDatabase.app/MoviesDatabase";
			};
			name = Debug;
		};
		374B0A6924940EAA00E67672 /* Release */ = {
			isa = XCBuildConfiguration;
			baseConfigurationReference = 333C925B606EAE34FB2EB0DC /* Pods-MoviesDatabase-MoviesDatabaseTests.release.xcconfig */;
			buildSettings = {
				ALWAYS_EMBED_SWIFT_STANDARD_LIBRARIES = YES;
				BUNDLE_LOADER = "$(TEST_HOST)";
				CLANG_ENABLE_MODULES = YES;
				CODE_SIGN_STYLE = Automatic;
				DEVELOPMENT_TEAM = 8VWQC7JGT6;
				INFOPLIST_FILE = MoviesDatabaseTests/Info.plist;
				IPHONEOS_DEPLOYMENT_TARGET = 13.2;
				LD_RUNPATH_SEARCH_PATHS = (
					"$(inherited)",
					"@executable_path/Frameworks",
					"@loader_path/Frameworks",
				);
				PRODUCT_BUNDLE_IDENTIFIER = com.domene.MoviesDatabaseTests;
				PRODUCT_NAME = "$(TARGET_NAME)";
				SWIFT_VERSION = 5.0;
				TARGETED_DEVICE_FAMILY = "1,2";
				TEST_HOST = "$(BUILT_PRODUCTS_DIR)/MoviesDatabase.app/MoviesDatabase";
			};
			name = Release;
		};
/* End XCBuildConfiguration section */

/* Begin XCConfigurationList section */
		374B0A4024940EA800E67672 /* Build configuration list for PBXProject "MoviesDatabase" */ = {
			isa = XCConfigurationList;
			buildConfigurations = (
				374B0A6224940EAA00E67672 /* Debug */,
				374B0A6324940EAA00E67672 /* Release */,
			);
			defaultConfigurationIsVisible = 0;
			defaultConfigurationName = Release;
		};
		374B0A6424940EAA00E67672 /* Build configuration list for PBXNativeTarget "MoviesDatabase" */ = {
			isa = XCConfigurationList;
			buildConfigurations = (
				374B0A6524940EAA00E67672 /* Debug */,
				374B0A6624940EAA00E67672 /* Release */,
			);
			defaultConfigurationIsVisible = 0;
			defaultConfigurationName = Release;
		};
		374B0A6724940EAA00E67672 /* Build configuration list for PBXNativeTarget "MoviesDatabaseTests" */ = {
			isa = XCConfigurationList;
			buildConfigurations = (
				374B0A6824940EAA00E67672 /* Debug */,
				374B0A6924940EAA00E67672 /* Release */,
			);
			defaultConfigurationIsVisible = 0;
			defaultConfigurationName = Release;
		};
/* End XCConfigurationList section */
	};
	rootObject = 374B0A3D24940EA800E67672 /* Project object */;
}
